
Microsoft Visual Studio Solution File, Format Version 12.00
# Visual Studio 15
VisualStudioVersion = 15.0.28307.489
MinimumVisualStudioVersion = 10.0.40219.1
Project("{FAE04EC0-301F-11D3-BF4B-00C04F79EFBC}") = "NBandServer", "NBandServer\NBandServer.csproj", "{724DEC87-8651-415E-A7FD-40816B0A05DE}"
EndProject
Global
	GlobalSection(SolutionConfigurationPlatforms) = preSolution
		Debug|Any CPU = Debug|Any CPU
		Release|Any CPU = Release|Any CPU
	EndGlobalSection
	GlobalSection(ProjectConfigurationPlatforms) = postSolution
		{724DEC87-8651-415E-A7FD-40816B0A05DE}.Debug|Any CPU.ActiveCfg = Debug|Any CPU
		{724DEC87-8651-415E-A7FD-40816B0A05DE}.Debug|Any CPU.Build.0 = Debug|Any CPU
		{724DEC87-8651-415E-A7FD-40816B0A05DE}.Release|Any CPU.ActiveCfg = Release|Any CPU
		{724DEC87-8651-415E-A7FD-40816B0A05DE}.Release|Any CPU.Build.0 = Release|Any CPU
	EndGlobalSection
	GlobalSection(SolutionProperties) = preSolution
		HideSolutionNode = FALSE
	EndGlobalSection
	GlobalSection(ExtensibilityGlobals) = postSolution
		SolutionGuid = {9E2DCE00-606D-4CC2-B82F-0269F63AC85A}
	EndGlobalSection
EndGlobal
